Microsoft Visual Studio Solution File, Format Version 12.00
Project("{FAE04EC0-301F-11D3-BF4B-00C04F79EFBC}") = "DiamondLab", "DiamondLab.csproj", "{BB1ED1C9-96DD-4342-A1FF-25E27044026E}"
EndProject
Global
	GlobalSection(SolutionConfigurationPlatforms) = preSolution
		Debug|Any CPU = Debug|Any CPU
		Release|Any CPU = Release|Any CPU
	EndGlobalSection
	GlobalSection(ProjectConfigurationPlatforms) = postSolution
		{BB1ED1C9-96DD-4342-A1FF-25E27044026E}.Debug|Any CPU.ActiveCfg = Debug|Any CPU
		{BB1ED1C9-96DD-4342-A1FF-25E27044026E}.Debug|Any CPU.Build.0 = Debug|Any CPU
		{BB1ED1C9-96DD-4342-A1FF-25E27044026E}.Release|Any CPU.ActiveCfg = Release|Any CPU
		{BB1ED1C9-96DD-4342-A1FF-25E27044026E}.Release|Any CPU.Build.0 = Release|Any CPU
	EndGlobalSection
EndGlobal
